
Microsoft Visual Studio Solution File, Format Version 12.00
# Visual Studio Version 16
VisualStudioVersion = 16.0.30320.27
MinimumVisualStudioVersion = 10.0.40219.1
Project("{FAE04EC0-301F-11D3-BF4B-00C04F79EFBC}") = "PET_API", "PET_API\PET_API.csproj", "{B82479D7-41CB-484A-8585-6379A1D7D226}"
EndProject
Global
	GlobalSection(SolutionConfigurationPlatforms) = preSolution
		Debug|Any CPU = Debug|Any CPU
		Release|Any CPU = Release|Any CPU
	EndGlobalSection
	GlobalSection(ProjectConfigurationPlatforms) = postSolution
		{B82479D7-41CB-484A-8585-6379A1D7D226}.Debug|Any CPU.ActiveCfg = Debug|Any CPU
		{B82479D7-41CB-484A-8585-6379A1D7D226}.Debug|Any CPU.Build.0 = Debug|Any CPU
		{B82479D7-41CB-484A-8585-6379A1D7D226}.Release|Any CPU.ActiveCfg = Release|Any CPU
		{B82479D7-41CB-484A-8585-6379A1D7D226}.Release|Any CPU.Build.0 = Release|Any CPU
	EndGlobalSection
	GlobalSection(SolutionProperties) = preSolution
		HideSolutionNode = FALSE
	EndGlobalSection
	GlobalSection(ExtensibilityGlobals) = postSolution
		SolutionGuid = {39272712-7567-4192-BBF0-D5A7AB182843}
	EndGlobalSection
EndGlobal
